// !$*UTF8*$!
{
	archiveVersion = 1;
	classes = {
	};
	objectVersion = 46;
	objects = {

/* Begin PBXBuildFile section */
		54961C7B1BC984F600C71340 /* AppDelegate.swift in Sources */ = {isa = PBXBuildFile; fileRef = 54961C7A1BC984F600C71340 /* AppDelegate.swift */; };
		54961C7D1BC984F600C71340 /* ViewController.swift in Sources */ = {isa = PBXBuildFile; fileRef = 54961C7C1BC984F600C71340 /* ViewController.swift */; };
		54961C801BC984F600C71340 /* Main.storyboard in Resources */ = {isa = PBXBuildFile; fileRef = 54961C7E1BC984F600C71340 /* Main.storyboard */; };
		54961C821BC984F600C71340 /* Images.xcassets in Resources */ = {isa = PBXBuildFile; fileRef = 54961C811BC984F600C71340 /* Images.xcassets */; };
		54961C851BC984F600C71340 /* LaunchScreen.xib in Resources */ = {isa = PBXBuildFile; fileRef = 54961C831BC984F600C71340 /* LaunchScreen.xib */; };
		54961C911BC984F600C71340 /* Sleeping_or_DeadTests.swift in Sources */ = {isa = PBXBuildFile; fileRef = 54961C901BC984F600C71340 /* Sleeping_or_DeadTests.swift */; };
/* End PBXBuildFile section */

/* Begin PBXContainerItemProxy section */
		54961C8B1BC984F600C71340 /* PBXContainerItemProxy */ = {
			isa = PBXContainerItemProxy;
			containerPortal = 54961C6D1BC984F500C71340 /* Project object */;
			proxyType = 1;
			remoteGlobalIDString = 54961C741BC984F600C71340;
			remoteInfo = "Sleeping or Dead";
		};
/* End PBXContainerItemProxy section */

/* Begin PBXFileReference section */
		54961C751BC984F600C71340 /* Sleeping or Dead.app */ = {isa = PBXFileReference; explicitFileType = wrapper.application; includeInIndex = 0; path = "Sleeping or Dead.app"; sourceTree = BUILT_PRODUCTS_DIR; };
		54961C791BC984F600C71340 /* Info.plist */ = {isa = PBXFileReference; lastKnownFileType = text.plist.xml; path = Info.plist; sourceTree = "<group>"; };
		54961C7A1BC984F600C71340 /* AppDelegate.swift */ = {isa = PBXFileReference; lastKnownFileType = sourcecode.swift; path = AppDelegate.swift; sourceTree = "<group>"; };
		54961C7C1BC984F600C71340 /* ViewController.swift */ = {isa = PBXFileReference; lastKnownFileType = sourcecode.swift; path = ViewController.swift; sourceTree = "<group>"; };
		54961C7F1BC984F600C71340 /* Base */ = {isa = PBXFileReference; lastKnownFileType = file.storyboard; name = Base; path = Base.lproj/Main.storyboard; sourceTree = "<group>"; };
		54961C811BC984F600C71340 /* Images.xcassets */ = {isa = PBXFileReference; lastKnownFileType = folder.assetcatalog; path = Images.xcassets; sourceTree = "<group>"; };
		54961C841BC984F600C71340 /* Base */ = {isa = PBXFileReference; lastKnownFileType = file.xib; name = Base; path = Base.lproj/LaunchScreen.xib; sourceTree = "<group>"; };
		54961C8A1BC984F600C71340 /* Sleeping or DeadTests.xctest */ = {isa = PBXFileReference; explicitFileType = wrapper.cfbundle; includeInIndex = 0; path = "Sleeping or DeadTests.xctest"; sourceTree = BUILT_PRODUCTS_DIR; };
		54961C8F1BC984F600C71340 /* Info.plist */ = {isa = PBXFileReference; lastKnownFileType = text.plist.xml; path = Info.plist; sourceTree = "<group>"; };
		54961C901BC984F600C71340 /* Sleeping_or_DeadTests.swift */ = {isa = PBXFileReference; lastKnownFileType = sourcecode.swift; path = Sleeping_or_DeadTests.swift; sourceTree = "<group>"; };
/* End PBXFileReference section */

/* Begin PBXFrameworksBuildPhase section */
		54961C721BC984F600C71340 /* Frameworks */ = {
			isa = PBXFrameworksBuildPhase;
			buildActionMask = 2147483647;
			files = (
			);
			runOnlyForDeploymentPostprocessing = 0;
		};
		54961C871BC984F600C71340 /* Frameworks */ = {
			isa = PBXFrameworksBuildPhase;
			buildActionMask = 2147483647;
			files = (
			);
			runOnlyForDeploymentPostprocessing = 0;
		};
/* End PBXFrameworksBuildPhase section */

/* Begin PBXGroup section */
		54961C6C1BC984F500C71340 = {
			isa = PBXGroup;
			children = (
				54961C771BC984F600C71340 /* Sleeping or Dead */,
				54961C8D1BC984F600C71340 /* Sleeping or DeadTests */,
				54961C761BC984F600C71340 /* Products */,
			);
			sourceTree = "<group>";
		};
		54961C761BC984F600C71340 /* Products */ = {
			isa = PBXGroup;
			children = (
				54961C751BC984F600C71340 /* Sleeping or Dead.app */,
				54961C8A1BC984F600C71340 /* Sleeping or DeadTests.xctest */,
			);
			name = Products;
			sourceTree = "<group>";
		};
		54961C771BC984F600C71340 /* Sleeping or Dead */ = {
			isa = PBXGroup;
			children = (
				54961C7A1BC984F600C71340 /* AppDelegate.swift */,
				54961C7C1BC984F600C71340 /* ViewController.swift */,
				54961C7E1BC984F600C71340 /* Main.storyboard */,
				54961C811BC984F600C71340 /* Images.xcassets */,
				54961C831BC984F600C71340 /* LaunchScreen.xib */,
				54961C781BC984F600C71340 /* Supporting Files */,
			);
			path = "Sleeping or Dead";
			sourceTree = "<group>";
		};
		54961C781BC984F600C71340 /* Supporting Files */ = {
			isa = PBXGroup;
			children = (
				54961C791BC984F600C71340 /* Info.plist */,
			);
			name = "Supporting Files";
			sourceTree = "<group>";
		};
		54961C8D1BC984F600C71340 /* Sleeping or DeadTests */ = {
			isa = PBXGroup;
			children = (
				54961C901BC984F600C71340 /* Sleeping_or_DeadTests.swift */,
				54961C8E1BC984F600C71340 /* Supporting Files */,
			);
			path = "Sleeping or DeadTests";
			sourceTree = "<group>";
		};
		54961C8E1BC984F600C71340 /* Supporting Files */ = {
			isa = PBXGroup;
			children = (
				54961C8F1BC984F600C71340 /* Info.plist */,
			);
			name = "Supporting Files";
			sourceTree = "<group>";
		};
/* End PBXGroup section */

/* Begin PBXNativeTarget section */
		54961C741BC984F600C71340 /* Sleeping or Dead */ = {
			isa = PBXNativeTarget;
			buildConfigurationList = 54961C941BC984F600C71340 /* Build configuration list for PBXNativeTarget "Sleeping or Dead" */;
			buildPhases = (
				54961C711BC984F600C71340 /* Sources */,
				54961C721BC984F600C71340 /* Frameworks */,
				54961C731BC984F600C71340 /* Resources */,
			);
			buildRules = (
			);
			dependencies = (
			);
			name = "Sleeping or Dead";
			productName = "Sleeping or Dead";
			productReference = 54961C751BC984F600C71340 /* Sleeping or Dead.app */;
			productType = "com.apple.product-type.application";
		};
		54961C891BC984F600C71340 /* Sleeping or DeadTests */ = {
			isa = PBXNativeTarget;
			buildConfigurationList = 54961C971BC984F600C71340 /* Build configuration list for PBXNativeTarget "Sleeping or DeadTests" */;
			buildPhases = (
				54961C861BC984F600C71340 /* Sources */,
				54961C871BC984F600C71340 /* Frameworks */,
				54961C881BC984F600C71340 /* Resources */,
			);
			buildRules = (
			);
			dependencies = (
				54961C8C1BC984F600C71340 /* PBXTargetDependency */,
			);
			name = "Sleeping or DeadTests";
			productName = "Sleeping or DeadTests";
			productReference = 54961C8A1BC984F600C71340 /* Sleeping or DeadTests.xctest */;
			productType = "com.apple.product-type.bundle.unit-test";
		};
/* End PBXNativeTarget section */

/* Begin PBXProject section */
		54961C6D1BC984F500C71340 /* Project object */ = {
			isa = PBXProject;
			attributes = {
				LastUpgradeCheck = 0640;
				ORGANIZATIONNAME = "Henry Saniuk";
				TargetAttributes = {
					54961C741BC984F600C71340 = {
						CreatedOnToolsVersion = 6.4;
					};
					54961C891BC984F600C71340 = {
						CreatedOnToolsVersion = 6.4;
						TestTargetID = 54961C741BC984F600C71340;
					};
				};
			};
			buildConfigurationList = 54961C701BC984F500C71340 /* Build configuration list for PBXProject "Sleeping or Dead" */;
			compatibilityVersion = "Xcode 3.2";
			developmentRegion = English;
			hasScannedForEncodings = 0;
			knownRegions = (
				en,
				Base,
			);
			mainGroup = 54961C6C1BC984F500C71340;
			productRefGroup = 54961C761BC984F600C71340 /* Products */;
			projectDirPath = "";
			projectRoot = "";
			targets = (
				54961C741BC984F600C71340 /* Sleeping or Dead */,
				54961C891BC984F600C71340 /* Sleeping or DeadTests */,
			);
		};
/* End PBXProject section */

/* Begin PBXResourcesBuildPhase section */
		54961C731BC984F600C71340 /* Resources */ = {
			isa = PBXResourcesBuildPhase;
			buildActionMask = 2147483647;
			files = (
				54961C801BC984F600C71340 /* Main.storyboard in Resources */,
				54961C851BC984F600C71340 /* LaunchScreen.xib in Resources */,
				54961C821BC984F600C71340 /* Images.xcassets in Resources */,
			);
			runOnlyForDeploymentPostprocessing = 0;
		};
		54961C881BC984F600C71340 /* Resources */ = {
			isa = PBXResourcesBuildPhase;
			buildActionMask = 2147483647;
			files = (
			);
			runOnlyForDeploymentPostprocessing = 0;
		};
/* End PBXResourcesBuildPhase section */

/* Begin PBXSourcesBuildPhase section */
		54961C711BC984F600C71340 /* Sources */ = {
			isa = PBXSourcesBuildPhase;
			buildActionMask = 2147483647;
			files = (
				54961C7D1BC984F600C71340 /* ViewController.swift in Sources */,
				54961C7B1BC984F600C71340 /* AppDelegate.swift in Sources */,
			);
			runOnlyForDeploymentPostprocessing = 0;
		};
		54961C861BC984F600C71340 /* Sources */ = {
			isa = PBXSourcesBuildPhase;
			buildActionMask = 2147483647;
			files = (
				54961C911BC984F600C71340 /* Sleeping_or_DeadTests.swift in Sources */,
			);
			runOnlyForDeploymentPostprocessing = 0;
		};
/* End PBXSourcesBuildPhase section */

/* Begin PBXTargetDependency section */
		54961C8C1BC984F600C71340 /* PBXTargetDependency */ = {
			isa = PBXTargetDependency;
			target = 54961C741BC984F600C71340 /* Sleeping or Dead */;
			targetProxy = 54961C8B1BC984F600C71340 /* PBXContainerItemProxy */;
		};
/* End PBXTargetDependency section */

/* Begin PBXVariantGroup section */
		54961C7E1BC984F600C71340 /* Main.storyboard */ = {
			isa = PBXVariantGroup;
			children = (
				54961C7F1BC984F600C71340 /* Base */,
			);
			name = Main.storyboard;
			sourceTree = "<group>";
		};
		54961C831BC984F600C71340 /* LaunchScreen.xib */ = {
			isa = PBXVariantGroup;
			children = (
				54961C841BC984F600C71340 /* Base */,
			);
			name = LaunchScreen.xib;
			sourceTree = "<group>";
		};
/* End PBXVariantGroup section */

/* Begin XCBuildConfiguration section */
		54961C921BC984F600C71340 /* Debug */ = {
			isa = XCBuildConfiguration;
			buildSettings = {
				ALWAYS_SEARCH_USER_PATHS = NO;
				CLANG_CXX_LANGUAGE_STANDARD = "gnu++0x";
				CLANG_CXX_LIBRARY = "libc++";
				CLANG_ENABLE_MODULES = YES;
				CLANG_ENABLE_OBJC_ARC = YES;
				CLANG_WARN_BOOL_CONVERSION = YES;
				CLANG_WARN_CONSTANT_CONVERSION = YES;
				CLANG_WARN_DIRECT_OBJC_ISA_USAGE = YES_ERROR;
				CLANG_WARN_EMPTY_BODY = YES;
				CLANG_WARN_ENUM_CONVERSION = YES;
				CLANG_WARN_INT_CONVERSION = YES;
				CLANG_WARN_OBJC_ROOT_CLASS = YES_ERROR;
				CLANG_WARN_UNREACHABLE_CODE = YES;
				CLANG_WARN__DUPLICATE_METHOD_MATCH = YES;
				"CODE_SIGN_IDENTITY[sdk=iphoneos*]" = "iPhone Developer";
				COPY_PHASE_STRIP = NO;
				DEBUG_INFORMATION_FORMAT = "dwarf-with-dsym";
				ENABLE_STRICT_OBJC_MSGSEND = YES;
				GCC_C_LANGUAGE_STANDARD = gnu99;
				GCC_DYNAMIC_NO_PIC = NO;
				GCC_NO_COMMON_BLOCKS = YES;
				GCC_OPTIMIZATION_LEVEL = 0;
				GCC_PREPROCESSOR_DEFINITIONS = (
					"DEBUG=1",
					"$(inherited)",
				);
				GCC_SYMBOLS_PRIVATE_EXTERN = NO;
				GCC_WARN_64_TO_32_BIT_CONVERSION = YES;
				GCC_WARN_ABOUT_RETURN_TYPE = YES_ERROR;
				GCC_WARN_UNDECLARED_SELECTOR = YES;
				GCC_WARN_UNINITIALIZED_AUTOS = YES_AGGRESSIVE;
				GCC_WARN_UNUSED_FUNCTION = YES;
				GCC_WARN_UNUSED_VARIABLE = YES;
				IPHONEOS_DEPLOYMENT_TARGET = 8.4;
				MTL_ENABLE_DEBUG_INFO = YES;
				ONLY_ACTIVE_ARCH = YES;
				SDKROOT = iphoneos;
				SWIFT_OPTIMIZATION_LEVEL = "-Onone";
				TARGETED_DEVICE_FAMILY = "1,2";
			};
			name = Debug;
		};
		54961C931BC984F600C71340 /* Release */ = {
			isa = XCBuildConfiguration;
			buildSettings = {
				ALWAYS_SEARCH_USER_PATHS = NO;
				CLANG_CXX_LANGUAGE_STANDARD = "gnu++0x";
				CLANG_CXX_LIBRARY = "libc++";
				CLANG_ENABLE_MODULES = YES;
				CLANG_ENABLE_OBJC_ARC = YES;
				CLANG_WARN_BOOL_CONVERSION = YES;
				CLANG_WARN_CONSTANT_CONVERSION = YES;
				CLANG_WARN_DIRECT_OBJC_ISA_USAGE = YES_ERROR;
				CLANG_WARN_EMPTY_BODY = YES;
				CLANG_WARN_ENUM_CONVERSION = YES;
				CLANG_WARN_INT_CONVERSION = YES;
				CLANG_WARN_OBJC_ROOT_CLASS = YES_ERROR;
				CLANG_WARN_UNREACHABLE_CODE = YES;
				CLANG_WARN__DUPLICATE_METHOD_MATCH = YES;
				"CODE_SIGN_IDENTITY[sdk=iphoneos*]" = "iPhone Developer";
				COPY_PHASE_STRIP = NO;
				DEBUG_INFORMATION_FORMAT = "dwarf-with-dsym";
				ENABLE_NS_ASSERTIONS = NO;
				ENABLE_STRICT_OBJC_MSGSEND = YES;
				GCC_C_LANGUAGE_STANDARD = gnu99;
				GCC_NO_COMMON_BLOCKS = YES;
				GCC_WARN_64_TO_32_BIT_CONVERSION = YES;
				GCC_WARN_ABOUT_RETURN_TYPE = YES_ERROR;
				GCC_WARN_UNDECLARED_SELECTOR = YES;
				GCC_WARN_UNINITIALIZED_AUTOS = YES_AGGRESSIVE;
				GCC_WARN_UNUSED_FUNCTION = YES;
				GCC_WARN_UNUSED_VARIABLE = YES;
				IPHONEOS_DEPLOYMENT_TARGET = 8.4;
				MTL_ENABLE_DEBUG_INFO = NO;
				SDKROOT = iphoneos;
				TARGETED_DEVICE_FAMILY = "1,2";
				VALIDATE_PRODUCT = YES;
			};
			name = Release;
		};
		54961C951BC984F600C71340 /* Debug */ = {
			isa = XCBuildConfiguration;
			buildSettings = {
				ASSETCATALOG_COMPILER_APPICON_NAME = AppIcon;
				INFOPLIST_FILE = "Sleeping or Dead/Info.plist";
				LD_RUNPATH_SEARCH_PATHS = "$(inherited) @executable_path/Frameworks";
				PRODUCT_NAME = "$(TARGET_NAME)";
			};
			name = Debug;
		};
		54961C961BC984F600C71340 /* Release */ = {
			isa = XCBuildConfiguration;
			buildSettings = {
				ASSETCATALOG_COMPILER_APPICON_NAME = AppIcon;
				INFOPLIST_FILE = "Sleeping or Dead/Info.plist";
				LD_RUNPATH_SEARCH_PATHS = "$(inherited) @executable_path/Frameworks";
				PRODUCT_NAME = "$(TARGET_NAME)";
			};
			name = Release;
		};
		54961C981BC984F600C71340 /* Debug */ = {
			isa = XCBuildConfiguration;
			buildSettings = {
				BUNDLE_LOADER = "$(TEST_HOST)";
				FRAMEWORK_SEARCH_PATHS = (
					"$(SDKROOT)/Developer/Library/Frameworks",
					"$(inherited)",
				);
				GCC_PREPROCESSOR_DEFINITIONS = (
					"DEBUG=1",
					"$(inherited)",
				);
				INFOPLIST_FILE = "Sleeping or DeadTests/Info.plist";
				LD_RUNPATH_SEARCH_PATHS = "$(inherited) @executable_path/Frameworks @loader_path/Frameworks";
				PRODUCT_NAME = "$(TARGET_NAME)";
				TEST_HOST = "$(BUILT_PRODUCTS_DIR)/Sleeping or Dead.app/Sleeping or Dead";
			};
			name = Debug;
		};
		54961C991BC984F600C71340 /* Release */ = {
			isa = XCBuildConfiguration;
			buildSettings = {
				BUNDLE_LOADER = "$(TEST_HOST)";
				FRAMEWORK_SEARCH_PATHS = (
					"$(SDKROOT)/Developer/Library/Frameworks",
					"$(inherited)",
				);
				INFOPLIST_FILE = "Sleeping or DeadTests/Info.plist";
				LD_RUNPATH_SEARCH_PATHS = "$(inherited) @executable_path/Frameworks @loader_path/Frameworks";
				PRODUCT_NAME = "$(TARGET_NAME)";
				TEST_HOST = "$(BUILT_PRODUCTS_DIR)/Sleeping or Dead.app/Sleeping or Dead";
			};
			name = Release;
		};
/* End XCBuildConfiguration section */

/* Begin XCConfigurationList section */
		54961C701BC984F500C71340 /* Build configuration list for PBXProject "Sleeping or Dead" */ = {
			isa = XCConfigurationList;
			buildConfigurations = (
				54961C921BC984F600C71340 /* Debug */,
				54961C931BC984F600C71340 /* Release */,
			);
			defaultConfigurationIsVisible = 0;
			defaultConfigurationName = Release;
		};
		54961C941BC984F600C71340 /* Build configuration list for PBXNativeTarget "Sleeping or Dead" */ = {
			isa = XCConfigurationList;
			buildConfigurations = (
				54961C951BC984F600C71340 /* Debug */,
				54961C961BC984F600C71340 /* Release */,
			);
			defaultConfigurationIsVisible = 0;
		};
		54961C971BC984F600C71340 /* Build configuration list for PBXNativeTarget "Sleeping or DeadTests" */ = {
			isa = XCConfigurationList;
			buildConfigurations = (
				54961C981BC984F600C71340 /* Debug */,
				54961C991BC984F600C71340 /* Release */,
			);
			defaultConfigurationIsVisible = 0;
		};
/* End XCConfigurationList section */
	};
	rootObject = 54961C6D1BC984F500C71340 /* Project object */;
}
